// !$*UTF8*$!
{
	archiveVersion = 1;
	classes = {
	};
	objectVersion = 56;
	objects = {

/* Begin PBXBuildFile section */
		02D36D782AD2138F003F16DC /* ToDoListApp.swift in Sources */ = {isa = PBXBuildFile; fileRef = 02D36D772AD2138F003F16DC /* ToDoListApp.swift */; };
		02D36D7A2AD2138F003F16DC /* MainView.swift in Sources */ = {isa = PBXBuildFile; fileRef = 02D36D792AD2138F003F16DC /* MainView.swift */; };
		02D36D7C2AD21391003F16DC /* Assets.xcassets in Resources */ = {isa = PBXBuildFile; fileRef = 02D36D7B2AD21391003F16DC /* Assets.xcassets */; };
		02D36D7F2AD21391003F16DC /* Preview Assets.xcassets in Resources */ = {isa = PBXBuildFile; fileRef = 02D36D7E2AD21391003F16DC /* Preview Assets.xcassets */; };
		02D36D892AD21391003F16DC /* ToDoListTests.swift in Sources */ = {isa = PBXBuildFile; fileRef = 02D36D882AD21391003F16DC /* ToDoListTests.swift */; };
		02D36D932AD21391003F16DC /* ToDoListUITests.swift in Sources */ = {isa = PBXBuildFile; fileRef = 02D36D922AD21391003F16DC /* ToDoListUITests.swift */; };
		02D36D952AD21391003F16DC /* ToDoListUITestsLaunchTests.swift in Sources */ = {isa = PBXBuildFile; fileRef = 02D36D942AD21391003F16DC /* ToDoListUITestsLaunchTests.swift */; };
		02D36DA32AD21783003F16DC /* FirebaseAuth in Frameworks */ = {isa = PBXBuildFile; productRef = 02D36DA22AD21783003F16DC /* FirebaseAuth */; };
		02D36DA52AD21783003F16DC /* FirebaseDatabase in Frameworks */ = {isa = PBXBuildFile; productRef = 02D36DA42AD21783003F16DC /* FirebaseDatabase */; };
		02D36DA72AD21783003F16DC /* FirebaseDatabaseSwift in Frameworks */ = {isa = PBXBuildFile; productRef = 02D36DA62AD21783003F16DC /* FirebaseDatabaseSwift */; };
		02D36DA92AD21783003F16DC /* FirebaseFirestore in Frameworks */ = {isa = PBXBuildFile; productRef = 02D36DA82AD21783003F16DC /* FirebaseFirestore */; };
		02D36DAB2AD21783003F16DC /* FirebaseFunctions in Frameworks */ = {isa = PBXBuildFile; productRef = 02D36DAA2AD21783003F16DC /* FirebaseFunctions */; };
		02D36DB32AD21D23003F16DC /* ProfileView.swift in Sources */ = {isa = PBXBuildFile; fileRef = 02D36DB22AD21D23003F16DC /* ProfileView.swift */; };
		02D36DB52AD21D42003F16DC /* ToDoItemListView.swift in Sources */ = {isa = PBXBuildFile; fileRef = 02D36DB42AD21D42003F16DC /* ToDoItemListView.swift */; };
		02D36DB72AD21D63003F16DC /* NewItemView.swift in Sources */ = {isa = PBXBuildFile; fileRef = 02D36DB62AD21D63003F16DC /* NewItemView.swift */; };
		02D36DB92AD21D7F003F16DC /* LoginView.swift in Sources */ = {isa = PBXBuildFile; fileRef = 02D36DB82AD21D7F003F16DC /* LoginView.swift */; };
		02D36DBB2AD21D93003F16DC /* RegisterView.swift in Sources */ = {isa = PBXBuildFile; fileRef = 02D36DBA2AD21D93003F16DC /* RegisterView.swift */; };
		02D36DBD2AD2F33F003F16DC /* ToDoListView.swift in Sources */ = {isa = PBXBuildFile; fileRef = 02D36DBC2AD2F33F003F16DC /* ToDoListView.swift */; };
		02D36DBF2AD2F374003F16DC /* User.swift in Sources */ = {isa = PBXBuildFile; fileRef = 02D36DBE2AD2F374003F16DC /* User.swift */; };
		02D36DC12AD2F386003F16DC /* ToDoListItem.swift in Sources */ = {isa = PBXBuildFile; fileRef = 02D36DC02AD2F386003F16DC /* ToDoListItem.swift */; };
		02D36DC32AD2F3B9003F16DC /* MainViewViewModel.swift in Sources */ = {isa = PBXBuildFile; fileRef = 02D36DC22AD2F3B9003F16DC /* MainViewViewModel.swift */; };
		02D36DC52AD2F3D4003F16DC /* ProfileViewViewModel.swift in Sources */ = {isa = PBXBuildFile; fileRef = 02D36DC42AD2F3D4003F16DC /* ProfileViewViewModel.swift */; };
		02D36DC72AD2F3ED003F16DC /* ToDoListViewViewModel.swift in Sources */ = {isa = PBXBuildFile; fileRef = 02D36DC62AD2F3ED003F16DC /* ToDoListViewViewModel.swift */; };
		02D36DC92AD2F400003F16DC /* NewItemViewViewModel.swift in Sources */ = {isa = PBXBuildFile; fileRef = 02D36DC82AD2F400003F16DC /* NewItemViewViewModel.swift */; };
		02D36DCB2AD2F417003F16DC /* LoginViewViewModel.swift in Sources */ = {isa = PBXBuildFile; fileRef = 02D36DCA2AD2F417003F16DC /* LoginViewViewModel.swift */; };
		02D36DCD2AD2F42D003F16DC /* RegisterViewViewModel.swift in Sources */ = {isa = PBXBuildFile; fileRef = 02D36DCC2AD2F42D003F16DC /* RegisterViewViewModel.swift */; };
		02D36DCF2AD2F450003F16DC /* ToDoListItemViewViewModel.swift in Sources */ = {isa = PBXBuildFile; fileRef = 02D36DCE2AD2F450003F16DC /* ToDoListItemViewViewModel.swift */; };
		02D36DD12AD2FA10003F16DC /* HeaderView.swift in Sources */ = {isa = PBXBuildFile; fileRef = 02D36DD02AD2FA10003F16DC /* HeaderView.swift */; };
		02D36DD32AD30844003F16DC /* ButtonView.swift in Sources */ = {isa = PBXBuildFile; fileRef = 02D36DD22AD30844003F16DC /* ButtonView.swift */; };
/* End PBXBuildFile section */

/* Begin PBXContainerItemProxy section */
		02D36D852AD21391003F16DC /* PBXContainerItemProxy */ = {
			isa = PBXContainerItemProxy;
			containerPortal = 02D36D6C2AD2138F003F16DC /* Project object */;
			proxyType = 1;
			remoteGlobalIDString = 02D36D732AD2138F003F16DC;
			remoteInfo = ToDoList;
		};
		02D36D8F2AD21391003F16DC /* PBXContainerItemProxy */ = {
			isa = PBXContainerItemProxy;
			containerPortal = 02D36D6C2AD2138F003F16DC /* Project object */;
			proxyType = 1;
			remoteGlobalIDString = 02D36D732AD2138F003F16DC;
			remoteInfo = ToDoList;
		};
/* End PBXContainerItemProxy section */

/* Begin PBXFileReference section */
		02D36D742AD2138F003F16DC /* ToDoList.app */ = {isa = PBXFileReference; explicitFileType = wrapper.application; includeInIndex = 0; path = ToDoList.app; sourceTree = BUILT_PRODUCTS_DIR; };
		02D36D772AD2138F003F16DC /* ToDoListApp.swift */ = {isa = PBXFileReference; lastKnownFileType = sourcecode.swift; path = ToDoListApp.swift; sourceTree = "<group>"; };
		02D36D792AD2138F003F16DC /* MainView.swift */ = {isa = PBXFileReference; lastKnownFileType = sourcecode.swift; path = MainView.swift; sourceTree = "<group>"; };
		02D36D7B2AD21391003F16DC /* Assets.xcassets */ = {isa = PBXFileReference; lastKnownFileType = folder.assetcatalog; path = Assets.xcassets; sourceTree = "<group>"; };
		02D36D7E2AD21391003F16DC /* Preview Assets.xcassets */ = {isa = PBXFileReference; lastKnownFileType = folder.assetcatalog; path = "Preview Assets.xcassets"; sourceTree = "<group>"; };
		02D36D842AD21391003F16DC /* ToDoListTests.xctest */ = {isa = PBXFileReference; explicitFileType = wrapper.cfbundle; includeInIndex = 0; path = ToDoListTests.xctest; sourceTree = BUILT_PRODUCTS_DIR; };
		02D36D882AD21391003F16DC /* ToDoListTests.swift */ = {isa = PBXFileReference; lastKnownFileType = sourcecode.swift; path = ToDoListTests.swift; sourceTree = "<group>"; };
		02D36D8E2AD21391003F16DC /* ToDoListUITests.xctest */ = {isa = PBXFileReference; explicitFileType = wrapper.cfbundle; includeInIndex = 0; path = ToDoListUITests.xctest; sourceTree = BUILT_PRODUCTS_DIR; };
		02D36D922AD21391003F16DC /* ToDoListUITests.swift */ = {isa = PBXFileReference; lastKnownFileType = sourcecode.swift; path = ToDoListUITests.swift; sourceTree = "<group>"; };
		02D36D942AD21391003F16DC /* ToDoListUITestsLaunchTests.swift */ = {isa = PBXFileReference; lastKnownFileType = sourcecode.swift; path = ToDoListUITestsLaunchTests.swift; sourceTree = "<group>"; };
		02D36DB22AD21D23003F16DC /* ProfileView.swift */ = {isa = PBXFileReference; lastKnownFileType = sourcecode.swift; path = ProfileView.swift; sourceTree = "<group>"; };
		02D36DB42AD21D42003F16DC /* ToDoItemListView.swift */ = {isa = PBXFileReference; lastKnownFileType = sourcecode.swift; path = ToDoItemListView.swift; sourceTree = "<group>"; };
		02D36DB62AD21D63003F16DC /* NewItemView.swift */ = {isa = PBXFileReference; lastKnownFileType = sourcecode.swift; path = NewItemView.swift; sourceTree = "<group>"; };
		02D36DB82AD21D7F003F16DC /* LoginView.swift */ = {isa = PBXFileReference; lastKnownFileType = sourcecode.swift; path = LoginView.swift; sourceTree = "<group>"; };
		02D36DBA2AD21D93003F16DC /* RegisterView.swift */ = {isa = PBXFileReference; lastKnownFileType = sourcecode.swift; path = RegisterView.swift; sourceTree = "<group>"; };
		02D36DBC2AD2F33F003F16DC /* ToDoListView.swift */ = {isa = PBXFileReference; lastKnownFileType = sourcecode.swift; path = ToDoListView.swift; sourceTree = "<group>"; };
		02D36DBE2AD2F374003F16DC /* User.swift */ = {isa = PBXFileReference; lastKnownFileType = sourcecode.swift; path = User.swift; sourceTree = "<group>"; };
		02D36DC02AD2F386003F16DC /* ToDoListItem.swift */ = {isa = PBXFileReference; lastKnownFileType = sourcecode.swift; path = ToDoListItem.swift; sourceTree = "<group>"; };
		02D36DC22AD2F3B9003F16DC /* MainViewViewModel.swift */ = {isa = PBXFileReference; lastKnownFileType = sourcecode.swift; path = MainViewViewModel.swift; sourceTree = "<group>"; };
		02D36DC42AD2F3D4003F16DC /* ProfileViewViewModel.swift */ = {isa = PBXFileReference; lastKnownFileType = sourcecode.swift; path = ProfileViewViewModel.swift; sourceTree = "<group>"; };
		02D36DC62AD2F3ED003F16DC /* ToDoListViewViewModel.swift */ = {isa = PBXFileReference; lastKnownFileType = sourcecode.swift; path = ToDoListViewViewModel.swift; sourceTree = "<group>"; };
		02D36DC82AD2F400003F16DC /* NewItemViewViewModel.swift */ = {isa = PBXFileReference; lastKnownFileType = sourcecode.swift; path = NewItemViewViewModel.swift; sourceTree = "<group>"; };
		02D36DCA2AD2F417003F16DC /* LoginViewViewModel.swift */ = {isa = PBXFileReference; lastKnownFileType = sourcecode.swift; path = LoginViewViewModel.swift; sourceTree = "<group>"; };
		02D36DCC2AD2F42D003F16DC /* RegisterViewViewModel.swift */ = {isa = PBXFileReference; lastKnownFileType = sourcecode.swift; path = RegisterViewViewModel.swift; sourceTree = "<group>"; };
		02D36DCE2AD2F450003F16DC /* ToDoListItemViewViewModel.swift */ = {isa = PBXFileReference; lastKnownFileType = sourcecode.swift; path = ToDoListItemViewViewModel.swift; sourceTree = "<group>"; };
		02D36DD02AD2FA10003F16DC /* HeaderView.swift */ = {isa = PBXFileReference; lastKnownFileType = sourcecode.swift; path = HeaderView.swift; sourceTree = "<group>"; };
		02D36DD22AD30844003F16DC /* ButtonView.swift */ = {isa = PBXFileReference; lastKnownFileType = sourcecode.swift; path = ButtonView.swift; sourceTree = "<group>"; };
/* End PBXFileReference section */

/* Begin PBXFrameworksBuildPhase section */
		02D36D712AD2138F003F16DC /* Frameworks */ = {
			isa = PBXFrameworksBuildPhase;
			buildActionMask = 2147483647;
			files = (
				02D36DA72AD21783003F16DC /* FirebaseDatabaseSwift in Frameworks */,
				02D36DA92AD21783003F16DC /* FirebaseFirestore in Frameworks */,
				02D36DAB2AD21783003F16DC /* FirebaseFunctions in Frameworks */,
				02D36DA52AD21783003F16DC /* FirebaseDatabase in Frameworks */,
				02D36DA32AD21783003F16DC /* FirebaseAuth in Frameworks */,
			);
			runOnlyForDeploymentPostprocessing = 0;
		};
		02D36D812AD21391003F16DC /* Frameworks */ = {
			isa = PBXFrameworksBuildPhase;
			buildActionMask = 2147483647;
			files = (
			);
			runOnlyForDeploymentPostprocessing = 0;
		};
		02D36D8B2AD21391003F16DC /* Frameworks */ = {
			isa = PBXFrameworksBuildPhase;
			buildActionMask = 2147483647;
			files = (
			);
			runOnlyForDeploymentPostprocessing = 0;
		};
/* End PBXFrameworksBuildPhase section */

/* Begin PBXGroup section */
		02D36D6B2AD2138F003F16DC = {
			isa = PBXGroup;
			children = (
				02D36D762AD2138F003F16DC /* ToDoList */,
				02D36D872AD21391003F16DC /* ToDoListTests */,
				02D36D912AD21391003F16DC /* ToDoListUITests */,
				02D36D752AD2138F003F16DC /* Products */,
			);
			sourceTree = "<group>";
		};
		02D36D752AD2138F003F16DC /* Products */ = {
			isa = PBXGroup;
			children = (
				02D36D742AD2138F003F16DC /* ToDoList.app */,
				02D36D842AD21391003F16DC /* ToDoListTests.xctest */,
				02D36D8E2AD21391003F16DC /* ToDoListUITests.xctest */,
			);
			name = Products;
			sourceTree = "<group>";
		};
		02D36D762AD2138F003F16DC /* ToDoList */ = {
			isa = PBXGroup;
			children = (
				02D36DB12AD21A84003F16DC /* Utils */,
				02D36DB02AD21A74003F16DC /* Models */,
				02D36DAF2AD21A50003F16DC /* ViewModels */,
				02D36DAE2AD21A48003F16DC /* Views */,
				02D36D7D2AD21391003F16DC /* Preview Content */,
			);
			path = ToDoList;
			sourceTree = "<group>";
		};
		02D36D7D2AD21391003F16DC /* Preview Content */ = {
			isa = PBXGroup;
			children = (
				02D36D7E2AD21391003F16DC /* Preview Assets.xcassets */,
			);
			path = "Preview Content";
			sourceTree = "<group>";
		};
		02D36D872AD21391003F16DC /* ToDoListTests */ = {
			isa = PBXGroup;
			children = (
				02D36D882AD21391003F16DC /* ToDoListTests.swift */,
			);
			path = ToDoListTests;
			sourceTree = "<group>";
		};
		02D36D912AD21391003F16DC /* ToDoListUITests */ = {
			isa = PBXGroup;
			children = (
				02D36D922AD21391003F16DC /* ToDoListUITests.swift */,
				02D36D942AD21391003F16DC /* ToDoListUITestsLaunchTests.swift */,
			);
			path = ToDoListUITests;
			sourceTree = "<group>";
		};
		02D36DAE2AD21A48003F16DC /* Views */ = {
			isa = PBXGroup;
			children = (
				02D36D792AD2138F003F16DC /* MainView.swift */,
				02D36DB22AD21D23003F16DC /* ProfileView.swift */,
				02D36DB42AD21D42003F16DC /* ToDoItemListView.swift */,
				02D36DB62AD21D63003F16DC /* NewItemView.swift */,
				02D36DB82AD21D7F003F16DC /* LoginView.swift */,
				02D36DBA2AD21D93003F16DC /* RegisterView.swift */,
				02D36DBC2AD2F33F003F16DC /* ToDoListView.swift */,
				02D36DD02AD2FA10003F16DC /* HeaderView.swift */,
				02D36DD22AD30844003F16DC /* ButtonView.swift */,
			);
			path = Views;
			sourceTree = "<group>";
		};
		02D36DAF2AD21A50003F16DC /* ViewModels */ = {
			isa = PBXGroup;
			children = (
				02D36DC22AD2F3B9003F16DC /* MainViewViewModel.swift */,
				02D36DC42AD2F3D4003F16DC /* ProfileViewViewModel.swift */,
				02D36DC62AD2F3ED003F16DC /* ToDoListViewViewModel.swift */,
				02D36DC82AD2F400003F16DC /* NewItemViewViewModel.swift */,
				02D36DCA2AD2F417003F16DC /* LoginViewViewModel.swift */,
				02D36DCC2AD2F42D003F16DC /* RegisterViewViewModel.swift */,
				02D36DCE2AD2F450003F16DC /* ToDoListItemViewViewModel.swift */,
			);
			path = ViewModels;
			sourceTree = "<group>";
		};
		02D36DB02AD21A74003F16DC /* Models */ = {
			isa = PBXGroup;
			children = (
				02D36DBE2AD2F374003F16DC /* User.swift */,
				02D36DC02AD2F386003F16DC /* ToDoListItem.swift */,
			);
			path = Models;
			sourceTree = "<group>";
		};
		02D36DB12AD21A84003F16DC /* Utils */ = {
			isa = PBXGroup;
			children = (
				02D36D772AD2138F003F16DC /* ToDoListApp.swift */,
				02D36D7B2AD21391003F16DC /* Assets.xcassets */,
			);
			path = Utils;
			sourceTree = "<group>";
		};
/* End PBXGroup section */

/* Begin PBXNativeTarget section */
		02D36D732AD2138F003F16DC /* ToDoList */ = {
			isa = PBXNativeTarget;
			buildConfigurationList = 02D36D982AD21391003F16DC /* Build configuration list for PBXNativeTarget "ToDoList" */;
			buildPhases = (
				02D36D702AD2138F003F16DC /* Sources */,
				02D36D712AD2138F003F16DC /* Frameworks */,
				02D36D722AD2138F003F16DC /* Resources */,
			);
			buildRules = (
			);
			dependencies = (
			);
			name = ToDoList;
			packageProductDependencies = (
				02D36DA22AD21783003F16DC /* FirebaseAuth */,
				02D36DA42AD21783003F16DC /* FirebaseDatabase */,
				02D36DA62AD21783003F16DC /* FirebaseDatabaseSwift */,
				02D36DA82AD21783003F16DC /* FirebaseFirestore */,
				02D36DAA2AD21783003F16DC /* FirebaseFunctions */,
			);
			productName = ToDoList;
			productReference = 02D36D742AD2138F003F16DC /* ToDoList.app */;
			productType = "com.apple.product-type.application";
		};
		02D36D832AD21391003F16DC /* ToDoListTests */ = {
			isa = PBXNativeTarget;
			buildConfigurationList = 02D36D9B2AD21391003F16DC /* Build configuration list for PBXNativeTarget "ToDoListTests" */;
			buildPhases = (
				02D36D802AD21391003F16DC /* Sources */,
				02D36D812AD21391003F16DC /* Frameworks */,
				02D36D822AD21391003F16DC /* Resources */,
			);
			buildRules = (
			);
			dependencies = (
				02D36D862AD21391003F16DC /* PBXTargetDependency */,
			);
			name = ToDoListTests;
			productName = ToDoListTests;
			productReference = 02D36D842AD21391003F16DC /* ToDoListTests.xctest */;
			productType = "com.apple.product-type.bundle.unit-test";
		};
		02D36D8D2AD21391003F16DC /* ToDoListUITests */ = {
			isa = PBXNativeTarget;
			buildConfigurationList = 02D36D9E2AD21391003F16DC /* Build configuration list for PBXNativeTarget "ToDoListUITests" */;
			buildPhases = (
				02D36D8A2AD21391003F16DC /* Sources */,
				02D36D8B2AD21391003F16DC /* Frameworks */,
				02D36D8C2AD21391003F16DC /* Resources */,
			);
			buildRules = (
			);
			dependencies = (
				02D36D902AD21391003F16DC /* PBXTargetDependency */,
			);
			name = ToDoListUITests;
			productName = ToDoListUITests;
			productReference = 02D36D8E2AD21391003F16DC /* ToDoListUITests.xctest */;
			productType = "com.apple.product-type.bundle.ui-testing";
		};
/* End PBXNativeTarget section */

/* Begin PBXProject section */
		02D36D6C2AD2138F003F16DC /* Project object */ = {
			isa = PBXProject;
			attributes = {
				BuildIndependentTargetsInParallel = 1;
				LastSwiftUpdateCheck = 1500;
				LastUpgradeCheck = 1500;
				TargetAttributes = {
					02D36D732AD2138F003F16DC = {
						CreatedOnToolsVersion = 15.0;
					};
					02D36D832AD21391003F16DC = {
						CreatedOnToolsVersion = 15.0;
						TestTargetID = 02D36D732AD2138F003F16DC;
					};
					02D36D8D2AD21391003F16DC = {
						CreatedOnToolsVersion = 15.0;
						TestTargetID = 02D36D732AD2138F003F16DC;
					};
				};
			};
			buildConfigurationList = 02D36D6F2AD2138F003F16DC /* Build configuration list for PBXProject "ToDoList" */;
			compatibilityVersion = "Xcode 14.0";
			developmentRegion = en;
			hasScannedForEncodings = 0;
			knownRegions = (
				en,
				Base,
			);
			mainGroup = 02D36D6B2AD2138F003F16DC;
			packageReferences = (
				02D36DA12AD21783003F16DC /* XCRemoteSwiftPackageReference "firebase-ios-sdk" */,
			);
			productRefGroup = 02D36D752AD2138F003F16DC /* Products */;
			projectDirPath = "";
			projectRoot = "";
			targets = (
				02D36D732AD2138F003F16DC /* ToDoList */,
				02D36D832AD21391003F16DC /* ToDoListTests */,
				02D36D8D2AD21391003F16DC /* ToDoListUITests */,
			);
		};
/* End PBXProject section */

/* Begin PBXResourcesBuildPhase section */
		02D36D722AD2138F003F16DC /* Resources */ = {
			isa = PBXResourcesBuildPhase;
			buildActionMask = 2147483647;
			files = (
				02D36D7F2AD21391003F16DC /* Preview Assets.xcassets in Resources */,
				02D36D7C2AD21391003F16DC /* Assets.xcassets in Resources */,
			);
			runOnlyForDeploymentPostprocessing = 0;
		};
		02D36D822AD21391003F16DC /* Resources */ = {
			isa = PBXResourcesBuildPhase;
			buildActionMask = 2147483647;
			files = (
			);
			runOnlyForDeploymentPostprocessing = 0;
		};
		02D36D8C2AD21391003F16DC /* Resources */ = {
			isa = PBXResourcesBuildPhase;
			buildActionMask = 2147483647;
			files = (
			);
			runOnlyForDeploymentPostprocessing = 0;
		};
/* End PBXResourcesBuildPhase section */

/* Begin PBXSourcesBuildPhase section */
		02D36D702AD2138F003F16DC /* Sources */ = {
			isa = PBXSourcesBuildPhase;
			buildActionMask = 2147483647;
			files = (
				02D36DB92AD21D7F003F16DC /* LoginView.swift in Sources */,
				02D36DD12AD2FA10003F16DC /* HeaderView.swift in Sources */,
				02D36D7A2AD2138F003F16DC /* MainView.swift in Sources */,
				02D36DCD2AD2F42D003F16DC /* RegisterViewViewModel.swift in Sources */,
				02D36DC32AD2F3B9003F16DC /* MainViewViewModel.swift in Sources */,
				02D36DBD2AD2F33F003F16DC /* ToDoListView.swift in Sources */,
				02D36DB52AD21D42003F16DC /* ToDoItemListView.swift in Sources */,
				02D36DC52AD2F3D4003F16DC /* ProfileViewViewModel.swift in Sources */,
				02D36DBB2AD21D93003F16DC /* RegisterView.swift in Sources */,
				02D36DBF2AD2F374003F16DC /* User.swift in Sources */,
				02D36DB32AD21D23003F16DC /* ProfileView.swift in Sources */,
				02D36DC72AD2F3ED003F16DC /* ToDoListViewViewModel.swift in Sources */,
				02D36DCB2AD2F417003F16DC /* LoginViewViewModel.swift in Sources */,
				02D36D782AD2138F003F16DC /* ToDoListApp.swift in Sources */,
				02D36DC12AD2F386003F16DC /* ToDoListItem.swift in Sources */,
				02D36DB72AD21D63003F16DC /* NewItemView.swift in Sources */,
				02D36DD32AD30844003F16DC /* ButtonView.swift in Sources */,
				02D36DC92AD2F400003F16DC /* NewItemViewViewModel.swift in Sources */,
				02D36DCF2AD2F450003F16DC /* ToDoListItemViewViewModel.swift in Sources */,
			);
			runOnlyForDeploymentPostprocessing = 0;
		};
		02D36D802AD21391003F16DC /* Sources */ = {
			isa = PBXSourcesBuildPhase;
			buildActionMask = 2147483647;
			files = (
				02D36D892AD21391003F16DC /* ToDoListTests.swift in Sources */,
			);
			runOnlyForDeploymentPostprocessing = 0;
		};
		02D36D8A2AD21391003F16DC /* Sources */ = {
			isa = PBXSourcesBuildPhase;
			buildActionMask = 2147483647;
			files = (
				02D36D952AD21391003F16DC /* ToDoListUITestsLaunchTests.swift in Sources */,
				02D36D932AD21391003F16DC /* ToDoListUITests.swift in Sources */,
			);
			runOnlyForDeploymentPostprocessing = 0;
		};
/* End PBXSourcesBuildPhase section */

/* Begin PBXTargetDependency section */
		02D36D862AD21391003F16DC /* PBXTargetDependency */ = {
			isa = PBXTargetDependency;
			target = 02D36D732AD2138F003F16DC /* ToDoList */;
			targetProxy = 02D36D852AD21391003F16DC /* PBXContainerItemProxy */;
		};
		02D36D902AD21391003F16DC /* PBXTargetDependency */ = {
			isa = PBXTargetDependency;
			target = 02D36D732AD2138F003F16DC /* ToDoList */;
			targetProxy = 02D36D8F2AD21391003F16DC /* PBXContainerItemProxy */;
		};
/* End PBXTargetDependency section */

/* Begin XCBuildConfiguration section */
		02D36D962AD21391003F16DC /* Debug */ = {
			isa = XCBuildConfiguration;
			buildSettings = {
				ALWAYS_SEARCH_USER_PATHS = NO;
				ASSETCATALOG_COMPILER_GENERATE_SWIFT_ASSET_SYMBOL_EXTENSIONS = YES;
				CLANG_ANALYZER_NONNULL = YES;
				CLANG_ANALYZER_NUMBER_OBJECT_CONVERSION = YES_AGGRESSIVE;
				CLANG_CXX_LANGUAGE_STANDARD = "gnu++20";
				CLANG_ENABLE_MODULES = YES;
				CLANG_ENABLE_OBJC_ARC = YES;
				CLANG_ENABLE_OBJC_WEAK = YES;
				CLANG_WARN_BLOCK_CAPTURE_AUTORELEASING = YES;
				CLANG_WARN_BOOL_CONVERSION = YES;
				CLANG_WARN_COMMA = YES;
				CLANG_WARN_CONSTANT_CONVERSION = YES;
				CLANG_WARN_DEPRECATED_OBJC_IMPLEMENTATIONS = YES;
				CLANG_WARN_DIRECT_OBJC_ISA_USAGE = YES_ERROR;
				CLANG_WARN_DOCUMENTATION_COMMENTS = YES;
				CLANG_WARN_EMPTY_BODY = YES;
				CLANG_WARN_ENUM_CONVERSION = YES;
				CLANG_WARN_INFINITE_RECURSION = YES;
				CLANG_WARN_INT_CONVERSION = YES;
				CLANG_WARN_NON_LITERAL_NULL_CONVERSION = YES;
				CLANG_WARN_OBJC_IMPLICIT_RETAIN_SELF = YES;
				CLANG_WARN_OBJC_LITERAL_CONVERSION = YES;
				CLANG_WARN_OBJC_ROOT_CLASS = YES_ERROR;
				CLANG_WARN_QUOTED_INCLUDE_IN_FRAMEWORK_HEADER = YES;
				CLANG_WARN_RANGE_LOOP_ANALYSIS = YES;
				CLANG_WARN_STRICT_PROTOTYPES = YES;
				CLANG_WARN_SUSPICIOUS_MOVE = YES;
				CLANG_WARN_UNGUARDED_AVAILABILITY = YES_AGGRESSIVE;
				CLANG_WARN_UNREACHABLE_CODE = YES;
				CLANG_WARN__DUPLICATE_METHOD_MATCH = YES;
				COPY_PHASE_STRIP = NO;
				DEBUG_INFORMATION_FORMAT = dwarf;
				ENABLE_STRICT_OBJC_MSGSEND = YES;
				ENABLE_TESTABILITY = YES;
				ENABLE_USER_SCRIPT_SANDBOXING = YES;
				GCC_C_LANGUAGE_STANDARD = gnu17;
				GCC_DYNAMIC_NO_PIC = NO;
				GCC_NO_COMMON_BLOCKS = YES;
				GCC_OPTIMIZATION_LEVEL = 0;
				GCC_PREPROCESSOR_DEFINITIONS = (
					"DEBUG=1",
					"$(inherited)",
				);
				GCC_WARN_64_TO_32_BIT_CONVERSION = YES;
				GCC_WARN_ABOUT_RETURN_TYPE = YES_ERROR;
				GCC_WARN_UNDECLARED_SELECTOR = YES;
				GCC_WARN_UNINITIALIZED_AUTOS = YES_AGGRESSIVE;
				GCC_WARN_UNUSED_FUNCTION = YES;
				GCC_WARN_UNUSED_VARIABLE = YES;
				IPHONEOS_DEPLOYMENT_TARGET = 17.0;
				LOCALIZATION_PREFERS_STRING_CATALOGS = YES;
				MTL_ENABLE_DEBUG_INFO = INCLUDE_SOURCE;
				MTL_FAST_MATH = YES;
				ONLY_ACTIVE_ARCH = YES;
				SDKROOT = iphoneos;
				SWIFT_ACTIVE_COMPILATION_CONDITIONS = "DEBUG $(inherited)";
				SWIFT_OPTIMIZATION_LEVEL = "-Onone";
			};
			name = Debug;
		};
		02D36D972AD21391003F16DC /* Release */ = {
			isa = XCBuildConfiguration;
			buildSettings = {
				ALWAYS_SEARCH_USER_PATHS = NO;
				ASSETCATALOG_COMPILER_GENERATE_SWIFT_ASSET_SYMBOL_EXTENSIONS = YES;
				CLANG_ANALYZER_NONNULL = YES;
				CLANG_ANALYZER_NUMBER_OBJECT_CONVERSION = YES_AGGRESSIVE;
				CLANG_CXX_LANGUAGE_STANDARD = "gnu++20";
				CLANG_ENABLE_MODULES = YES;
				CLANG_ENABLE_OBJC_ARC = YES;
				CLANG_ENABLE_OBJC_WEAK = YES;
				CLANG_WARN_BLOCK_CAPTURE_AUTORELEASING = YES;
				CLANG_WARN_BOOL_CONVERSION = YES;
				CLANG_WARN_COMMA = YES;
				CLANG_WARN_CONSTANT_CONVERSION = YES;
				CLANG_WARN_DEPRECATED_OBJC_IMPLEMENTATIONS = YES;
				CLANG_WARN_DIRECT_OBJC_ISA_USAGE = YES_ERROR;
				CLANG_WARN_DOCUMENTATION_COMMENTS = YES;
				CLANG_WARN_EMPTY_BODY = YES;
				CLANG_WARN_ENUM_CONVERSION = YES;
				CLANG_WARN_INFINITE_RECURSION = YES;
				CLANG_WARN_INT_CONVERSION = YES;
				CLANG_WARN_NON_LITERAL_NULL_CONVERSION = YES;
				CLANG_WARN_OBJC_IMPLICIT_RETAIN_SELF = YES;
				CLANG_WARN_OBJC_LITERAL_CONVERSION = YES;
				CLANG_WARN_OBJC_ROOT_CLASS = YES_ERROR;
				CLANG_WARN_QUOTED_INCLUDE_IN_FRAMEWORK_HEADER = YES;
				CLANG_WARN_RANGE_LOOP_ANALYSIS = YES;
				CLANG_WARN_STRICT_PROTOTYPES = YES;
				CLANG_WARN_SUSPICIOUS_MOVE = YES;
				CLANG_WARN_UNGUARDED_AVAILABILITY = YES_AGGRESSIVE;
				CLANG_WARN_UNREACHABLE_CODE = YES;
				CLANG_WARN__DUPLICATE_METHOD_MATCH = YES;
				COPY_PHASE_STRIP = NO;
				DEBUG_INFORMATION_FORMAT = "dwarf-with-dsym";
				ENABLE_NS_ASSERTIONS = NO;
				ENABLE_STRICT_OBJC_MSGSEND = YES;
				ENABLE_USER_SCRIPT_SANDBOXING = YES;
				GCC_C_LANGUAGE_STANDARD = gnu17;
				GCC_NO_COMMON_BLOCKS = YES;
				GCC_WARN_64_TO_32_BIT_CONVERSION = YES;
				GCC_WARN_ABOUT_RETURN_TYPE = YES_ERROR;
				GCC_WARN_UNDECLARED_SELECTOR = YES;
				GCC_WARN_UNINITIALIZED_AUTOS = YES_AGGRESSIVE;
				GCC_WARN_UNUSED_FUNCTION = YES;
				GCC_WARN_UNUSED_VARIABLE = YES;
				IPHONEOS_DEPLOYMENT_TARGET = 17.0;
				LOCALIZATION_PREFERS_STRING_CATALOGS = YES;
				MTL_ENABLE_DEBUG_INFO = NO;
				MTL_FAST_MATH = YES;
				SDKROOT = iphoneos;
				SWIFT_COMPILATION_MODE = wholemodule;
				VALIDATE_PRODUCT = YES;
			};
			name = Release;
		};
		02D36D992AD21391003F16DC /* Debug */ = {
			isa = XCBuildConfiguration;
			buildSettings = {
				ASSETCATALOG_COMPILER_APPICON_NAME = AppIcon;
				ASSETCATALOG_COMPILER_GLOBAL_ACCENT_COLOR_NAME = AccentColor;
				CODE_SIGN_STYLE = Automatic;
				CURRENT_PROJECT_VERSION = 1;
				DEVELOPMENT_ASSET_PATHS = "\"ToDoList/Preview Content\"";
				ENABLE_PREVIEWS = YES;
				GENERATE_INFOPLIST_FILE = YES;
				INFOPLIST_KEY_CFBundleDisplayName = "ToDo List";
				INFOPLIST_KEY_LSApplicationCategoryType = "public.app-category.business";
				INFOPLIST_KEY_UIApplicationSceneManifest_Generation = YES;
				INFOPLIST_KEY_UIApplicationSupportsIndirectInputEvents = YES;
				INFOPLIST_KEY_UILaunchScreen_Generation = YES;
				INFOPLIST_KEY_UISupportedInterfaceOrientations = UIInterfaceOrientationPortrait;
				INFOPLIST_KEY_UISupportedInterfaceOrientations_iPad = "UIInterfaceOrientationLandscapeLeft UIInterfaceOrientationLandscapeRight UIInterfaceOrientationPortrait";
				LD_RUNPATH_SEARCH_PATHS = (
					"$(inherited)",
					"@executable_path/Frameworks",
				);
				MARKETING_VERSION = 1.0;
				PRODUCT_BUNDLE_IDENTIFIER = tiisde.ToDoList;
				PRODUCT_NAME = "$(TARGET_NAME)";
				SWIFT_EMIT_LOC_STRINGS = YES;
				SWIFT_VERSION = 5.0;
				TARGETED_DEVICE_FAMILY = "1,2";
			};
			name = Debug;
		};
		02D36D9A2AD21391003F16DC /* Release */ = {
			isa = XCBuildConfiguration;
			buildSettings = {
				ASSETCATALOG_COMPILER_APPICON_NAME = AppIcon;
				ASSETCATALOG_COMPILER_GLOBAL_ACCENT_COLOR_NAME = AccentColor;
				CODE_SIGN_STYLE = Automatic;
				CURRENT_PROJECT_VERSION = 1;
				DEVELOPMENT_ASSET_PATHS = "\"ToDoList/Preview Content\"";
				ENABLE_PREVIEWS = YES;
				GENERATE_INFOPLIST_FILE = YES;
				INFOPLIST_KEY_CFBundleDisplayName = "ToDo List";
				INFOPLIST_KEY_LSApplicationCategoryType = "public.app-category.business";
				INFOPLIST_KEY_UIApplicationSceneManifest_Generation = YES;
				INFOPLIST_KEY_UIApplicationSupportsIndirectInputEvents = YES;
				INFOPLIST_KEY_UILaunchScreen_Generation = YES;
				INFOPLIST_KEY_UISupportedInterfaceOrientations = UIInterfaceOrientationPortrait;
				INFOPLIST_KEY_UISupportedInterfaceOrientations_iPad = "UIInterfaceOrientationLandscapeLeft UIInterfaceOrientationLandscapeRight UIInterfaceOrientationPortrait";
				LD_RUNPATH_SEARCH_PATHS = (
					"$(inherited)",
					"@executable_path/Frameworks",
				);
				MARKETING_VERSION = 1.0;
				PRODUCT_BUNDLE_IDENTIFIER = tiisde.ToDoList;
				PRODUCT_NAME = "$(TARGET_NAME)";
				SWIFT_EMIT_LOC_STRINGS = YES;
				SWIFT_VERSION = 5.0;
				TARGETED_DEVICE_FAMILY = "1,2";
			};
			name = Release;
		};
		02D36D9C2AD21391003F16DC /* Debug */ = {
			isa = XCBuildConfiguration;
			buildSettings = {
				ALWAYS_EMBED_SWIFT_STANDARD_LIBRARIES = YES;
				BUNDLE_LOADER = "$(TEST_HOST)";
				CODE_SIGN_STYLE = Automatic;
				CURRENT_PROJECT_VERSION = 1;
				GENERATE_INFOPLIST_FILE = YES;
				IPHONEOS_DEPLOYMENT_TARGET = 17.0;
				MARKETING_VERSION = 1.0;
				PRODUCT_BUNDLE_IDENTIFIER = tiisde.ToDoListTests;
				PRODUCT_NAME = "$(TARGET_NAME)";
				SWIFT_EMIT_LOC_STRINGS = NO;
				SWIFT_VERSION = 5.0;
				TARGETED_DEVICE_FAMILY = "1,2";
				TEST_HOST = "$(BUILT_PRODUCTS_DIR)/ToDoList.app/$(BUNDLE_EXECUTABLE_FOLDER_PATH)/ToDoList";
			};
			name = Debug;
		};
		02D36D9D2AD21391003F16DC /* Release */ = {
			isa = XCBuildConfiguration;
			buildSettings = {
				ALWAYS_EMBED_SWIFT_STANDARD_LIBRARIES = YES;
				BUNDLE_LOADER = "$(TEST_HOST)";
				CODE_SIGN_STYLE = Automatic;
				CURRENT_PROJECT_VERSION = 1;
				GENERATE_INFOPLIST_FILE = YES;
				IPHONEOS_DEPLOYMENT_TARGET = 17.0;
				MARKETING_VERSION = 1.0;
				PRODUCT_BUNDLE_IDENTIFIER = tiisde.ToDoListTests;
				PRODUCT_NAME = "$(TARGET_NAME)";
				SWIFT_EMIT_LOC_STRINGS = NO;
				SWIFT_VERSION = 5.0;
				TARGETED_DEVICE_FAMILY = "1,2";
				TEST_HOST = "$(BUILT_PRODUCTS_DIR)/ToDoList.app/$(BUNDLE_EXECUTABLE_FOLDER_PATH)/ToDoList";
			};
			name = Release;
		};
		02D36D9F2AD21391003F16DC /* Debug */ = {
			isa = XCBuildConfiguration;
			buildSettings = {
				ALWAYS_EMBED_SWIFT_STANDARD_LIBRARIES = YES;
				CODE_SIGN_STYLE = Automatic;
				CURRENT_PROJECT_VERSION = 1;
				GENERATE_INFOPLIST_FILE = YES;
				MARKETING_VERSION = 1.0;
				PRODUCT_BUNDLE_IDENTIFIER = tiisde.ToDoListUITests;
				PRODUCT_NAME = "$(TARGET_NAME)";
				SWIFT_EMIT_LOC_STRINGS = NO;
				SWIFT_VERSION = 5.0;
				TARGETED_DEVICE_FAMILY = "1,2";
				TEST_TARGET_NAME = ToDoList;
			};
			name = Debug;
		};
		02D36DA02AD21391003F16DC /* Release */ = {
			isa = XCBuildConfiguration;
			buildSettings = {
				ALWAYS_EMBED_SWIFT_STANDARD_LIBRARIES = YES;
				CODE_SIGN_STYLE = Automatic;
				CURRENT_PROJECT_VERSION = 1;
				GENERATE_INFOPLIST_FILE = YES;
				MARKETING_VERSION = 1.0;
				PRODUCT_BUNDLE_IDENTIFIER = tiisde.ToDoListUITests;
				PRODUCT_NAME = "$(TARGET_NAME)";
				SWIFT_EMIT_LOC_STRINGS = NO;
				SWIFT_VERSION = 5.0;
				TARGETED_DEVICE_FAMILY = "1,2";
				TEST_TARGET_NAME = ToDoList;
			};
			name = Release;
		};
/* End XCBuildConfiguration section */

/* Begin XCConfigurationList section */
		02D36D6F2AD2138F003F16DC /* Build configuration list for PBXProject "ToDoList" */ = {
			isa = XCConfigurationList;
			buildConfigurations = (
				02D36D962AD21391003F16DC /* Debug */,
				02D36D972AD21391003F16DC /* Release */,
			);
			defaultConfigurationIsVisible = 0;
			defaultConfigurationName = Release;
		};
		02D36D982AD21391003F16DC /* Build configuration list for PBXNativeTarget "ToDoList" */ = {
			isa = XCConfigurationList;
			buildConfigurations = (
				02D36D992AD21391003F16DC /* Debug */,
				02D36D9A2AD21391003F16DC /* Release */,
			);
			defaultConfigurationIsVisible = 0;
			defaultConfigurationName = Release;
		};
		02D36D9B2AD21391003F16DC /* Build configuration list for PBXNativeTarget "ToDoListTests" */ = {
			isa = XCConfigurationList;
			buildConfigurations = (
				02D36D9C2AD21391003F16DC /* Debug */,
				02D36D9D2AD21391003F16DC /* Release */,
			);
			defaultConfigurationIsVisible = 0;
			defaultConfigurationName = Release;
		};
		02D36D9E2AD21391003F16DC /* Build configuration list for PBXNativeTarget "ToDoListUITests" */ = {
			isa = XCConfigurationList;
			buildConfigurations = (
				02D36D9F2AD21391003F16DC /* Debug */,
				02D36DA02AD21391003F16DC /* Release */,
			);
			defaultConfigurationIsVisible = 0;
			defaultConfigurationName = Release;
		};
/* End XCConfigurationList section */

/* Begin XCRemoteSwiftPackageReference section */
		02D36DA12AD21783003F16DC /* XCRemoteSwiftPackageReference "firebase-ios-sdk" */ = {
			isa = XCRemoteSwiftPackageReference;
			repositoryURL = "https://github.com/firebase/firebase-ios-sdk";
			requirement = {
				kind = upToNextMajorVersion;
				minimumVersion = 10.16.0;
			};
		};
/* End XCRemoteSwiftPackageReference section */

/* Begin XCSwiftPackageProductDependency section */
		02D36DA22AD21783003F16DC /* FirebaseAuth */ = {
			isa = XCSwiftPackageProductDependency;
			package = 02D36DA12AD21783003F16DC /* XCRemoteSwiftPackageReference "firebase-ios-sdk" */;
			productName = FirebaseAuth;
		};
		02D36DA42AD21783003F16DC /* FirebaseDatabase */ = {
			isa = XCSwiftPackageProductDependency;
			package = 02D36DA12AD21783003F16DC /* XCRemoteSwiftPackageReference "firebase-ios-sdk" */;
			productName = FirebaseDatabase;
		};
		02D36DA62AD21783003F16DC /* FirebaseDatabaseSwift */ = {
			isa = XCSwiftPackageProductDependency;
			package = 02D36DA12AD21783003F16DC /* XCRemoteSwiftPackageReference "firebase-ios-sdk" */;
			productName = FirebaseDatabaseSwift;
		};
		02D36DA82AD21783003F16DC /* FirebaseFirestore */ = {
			isa = XCSwiftPackageProductDependency;
			package = 02D36DA12AD21783003F16DC /* XCRemoteSwiftPackageReference "firebase-ios-sdk" */;
			productName = FirebaseFirestore;
		};
		02D36DAA2AD21783003F16DC /* FirebaseFunctions */ = {
			isa = XCSwiftPackageProductDependency;
			package = 02D36DA12AD21783003F16DC /* XCRemoteSwiftPackageReference "firebase-ios-sdk" */;
			productName = FirebaseFunctions;
		};
/* End XCSwiftPackageProductDependency section */
	};
	rootObject = 02D36D6C2AD2138F003F16DC /* Project object */;
}
